
Microsoft Visual Studio Solution File, Format Version 12.00
# Visual Studio Version 16
VisualStudioVersion = 16.0.31729.503
MinimumVisualStudioVersion = 10.0.40219.1
Project("{FAE04EC0-301F-11D3-BF4B-00C04F79EFBC}") = "ORM", "ORM\ORM.csproj", "{9D693F67-A978-4C83-B5B8-23B6903A364A}"
EndProject
Global
	GlobalSection(SolutionConfigurationPlatforms) = preSolution
		Debug|Any CPU = Debug|Any CPU
		Release|Any CPU = Release|Any CPU
	EndGlobalSection
	GlobalSection(ProjectConfigurationPlatforms) = postSolution
		{9D693F67-A978-4C83-B5B8-23B6903A364A}.Debug|Any CPU.ActiveCfg = Debug|Any CPU
		{9D693F67-A978-4C83-B5B8-23B6903A364A}.Debug|Any CPU.Build.0 = Debug|Any CPU
		{9D693F67-A978-4C83-B5B8-23B6903A364A}.Release|Any CPU.ActiveCfg = Release|Any CPU
		{9D693F67-A978-4C83-B5B8-23B6903A364A}.Release|Any CPU.Build.0 = Release|Any CPU
	EndGlobalSection
	GlobalSection(SolutionProperties) = preSolution
		HideSolutionNode = FALSE
	EndGlobalSection
	GlobalSection(ExtensibilityGlobals) = postSolution
		SolutionGuid = {58E76E63-B221-412A-B515-4BB6E578871D}
	EndGlobalSection
EndGlobal
