
Microsoft Visual Studio Solution File, Format Version 12.00
# Visual Studio Version 17
VisualStudioVersion = 17.1.32210.238
MinimumVisualStudioVersion = 10.0.40219.1
Project("{FAE04EC0-301F-11D3-BF4B-00C04F79EFBC}") = "RentACar", "RentACar.csproj", "{9351CC44-0A6A-4E37-8DD7-DA8050E5C7B9}"
EndProject
Project("{FAE04EC0-301F-11D3-BF4B-00C04F79EFBC}") = "DBRentACar", "..\DBRentACar\DBRentACar.csproj", "{7F1C57C0-6047-4FCE-A1E0-095081ED6023}"
EndProject
Global
	GlobalSection(SolutionConfigurationPlatforms) = preSolution
		Debug|Any CPU = Debug|Any CPU
		Release|Any CPU = Release|Any CPU
	EndGlobalSection
	GlobalSection(ProjectConfigurationPlatforms) = postSolution
		{9351CC44-0A6A-4E37-8DD7-DA8050E5C7B9}.Debug|Any CPU.ActiveCfg = Debug|Any CPU
		{9351CC44-0A6A-4E37-8DD7-DA8050E5C7B9}.Debug|Any CPU.Build.0 = Debug|Any CPU
		{9351CC44-0A6A-4E37-8DD7-DA8050E5C7B9}.Release|Any CPU.ActiveCfg = Release|Any CPU
		{9351CC44-0A6A-4E37-8DD7-DA8050E5C7B9}.Release|Any CPU.Build.0 = Release|Any CPU
		{7F1C57C0-6047-4FCE-A1E0-095081ED6023}.Debug|Any CPU.ActiveCfg = Debug|Any CPU
		{7F1C57C0-6047-4FCE-A1E0-095081ED6023}.Debug|Any CPU.Build.0 = Debug|Any CPU
		{7F1C57C0-6047-4FCE-A1E0-095081ED6023}.Release|Any CPU.ActiveCfg = Release|Any CPU
		{7F1C57C0-6047-4FCE-A1E0-095081ED6023}.Release|Any CPU.Build.0 = Release|Any CPU
	EndGlobalSection
	GlobalSection(SolutionProperties) = preSolution
		HideSolutionNode = FALSE
	EndGlobalSection
	GlobalSection(ExtensibilityGlobals) = postSolution
		SolutionGuid = {467E55B2-6837-4B89-B810-C14E98C18BD2}
	EndGlobalSection
EndGlobal
