
Microsoft Visual Studio Solution File, Format Version 12.00
# Visual Studio Version 16
VisualStudioVersion = 16.0.31729.503
MinimumVisualStudioVersion = 10.0.40219.1
Project("{FAE04EC0-301F-11D3-BF4B-00C04F79EFBC}") = "Bank", "Bank\Bank.csproj", "{F3D657CB-66FC-4FD8-85AD-02A2EEE6068D}"
EndProject
Global
	GlobalSection(SolutionConfigurationPlatforms) = preSolution
		Debug|Any CPU = Debug|Any CPU
		Release|Any CPU = Release|Any CPU
	EndGlobalSection
	GlobalSection(ProjectConfigurationPlatforms) = postSolution
		{F3D657CB-66FC-4FD8-85AD-02A2EEE6068D}.Debug|Any CPU.ActiveCfg = Debug|Any CPU
		{F3D657CB-66FC-4FD8-85AD-02A2EEE6068D}.Debug|Any CPU.Build.0 = Debug|Any CPU
		{F3D657CB-66FC-4FD8-85AD-02A2EEE6068D}.Release|Any CPU.ActiveCfg = Release|Any CPU
		{F3D657CB-66FC-4FD8-85AD-02A2EEE6068D}.Release|Any CPU.Build.0 = Release|Any CPU
	EndGlobalSection
	GlobalSection(SolutionProperties) = preSolution
		HideSolutionNode = FALSE
	EndGlobalSection
	GlobalSection(ExtensibilityGlobals) = postSolution
		SolutionGuid = {1D18B175-82B4-41BC-BCE3-B9163603527D}
	EndGlobalSection
EndGlobal
