
Microsoft Visual Studio Solution File, Format Version 12.00
# Visual Studio Version 16
VisualStudioVersion = 16.0.31729.503
MinimumVisualStudioVersion = 10.0.40219.1
Project("{FAE04EC0-301F-11D3-BF4B-00C04F79EFBC}") = "P03_FootballBetting", "P03_FootballBetting\P03_FootballBetting.csproj", "{1095C782-B62A-486E-AE8C-CC16418301AB}"
EndProject
Project("{FAE04EC0-301F-11D3-BF4B-00C04F79EFBC}") = "P03_FootballBetting.Data", "P03_FootballBetting.Data\P03_FootballBetting.Data.csproj", "{528678F1-B0EA-4F8C-8841-B60E8A59DEF7}"
EndProject
Project("{FAE04EC0-301F-11D3-BF4B-00C04F79EFBC}") = "P03_FootballBetting.Data.Models", "P03_FootballBetting.Data.Models\P03_FootballBetting.Data.Models.csproj", "{CBFAF7BE-BDCD-4604-BDA6-6200438F376F}"
EndProject
Global
	GlobalSection(SolutionConfigurationPlatforms) = preSolution
		Debug|Any CPU = Debug|Any CPU
		Release|Any CPU = Release|Any CPU
	EndGlobalSection
	GlobalSection(ProjectConfigurationPlatforms) = postSolution
		{1095C782-B62A-486E-AE8C-CC16418301AB}.Debug|Any CPU.ActiveCfg = Debug|Any CPU
		{1095C782-B62A-486E-AE8C-CC16418301AB}.Debug|Any CPU.Build.0 = Debug|Any CPU
		{1095C782-B62A-486E-AE8C-CC16418301AB}.Release|Any CPU.ActiveCfg = Release|Any CPU
		{1095C782-B62A-486E-AE8C-CC16418301AB}.Release|Any CPU.Build.0 = Release|Any CPU
		{528678F1-B0EA-4F8C-8841-B60E8A59DEF7}.Debug|Any CPU.ActiveCfg = Debug|Any CPU
		{528678F1-B0EA-4F8C-8841-B60E8A59DEF7}.Debug|Any CPU.Build.0 = Debug|Any CPU
		{528678F1-B0EA-4F8C-8841-B60E8A59DEF7}.Release|Any CPU.ActiveCfg = Release|Any CPU
		{528678F1-B0EA-4F8C-8841-B60E8A59DEF7}.Release|Any CPU.Build.0 = Release|Any CPU
		{CBFAF7BE-BDCD-4604-BDA6-6200438F376F}.Debug|Any CPU.ActiveCfg = Debug|Any CPU
		{CBFAF7BE-BDCD-4604-BDA6-6200438F376F}.Debug|Any CPU.Build.0 = Debug|Any CPU
		{CBFAF7BE-BDCD-4604-BDA6-6200438F376F}.Release|Any CPU.ActiveCfg = Release|Any CPU
		{CBFAF7BE-BDCD-4604-BDA6-6200438F376F}.Release|Any CPU.Build.0 = Release|Any CPU
	EndGlobalSection
	GlobalSection(SolutionProperties) = preSolution
		HideSolutionNode = FALSE
	EndGlobalSection
	GlobalSection(ExtensibilityGlobals) = postSolution
		SolutionGuid = {80D849F7-3A5D-41EE-B0F9-62C3FECAC8C0}
	EndGlobalSection
EndGlobal
