
Microsoft Visual Studio Solution File, Format Version 12.00
# Visual Studio Version 17
VisualStudioVersion = 17.0.32112.339
MinimumVisualStudioVersion = 10.0.40219.1
Project("{FAE04EC0-301F-11D3-BF4B-00C04F79EFBC}") = "BasicWebServer", "BasicWebServer\BasicWebServer.csproj", "{F39E9A04-05F8-41E1-9F7F-1E65D33A9DC8}"
EndProject
Global
	GlobalSection(SolutionConfigurationPlatforms) = preSolution
		Debug|Any CPU = Debug|Any CPU
		Release|Any CPU = Release|Any CPU
	EndGlobalSection
	GlobalSection(ProjectConfigurationPlatforms) = postSolution
		{F39E9A04-05F8-41E1-9F7F-1E65D33A9DC8}.Debug|Any CPU.ActiveCfg = Debug|Any CPU
		{F39E9A04-05F8-41E1-9F7F-1E65D33A9DC8}.Debug|Any CPU.Build.0 = Debug|Any CPU
		{F39E9A04-05F8-41E1-9F7F-1E65D33A9DC8}.Release|Any CPU.ActiveCfg = Release|Any CPU
		{F39E9A04-05F8-41E1-9F7F-1E65D33A9DC8}.Release|Any CPU.Build.0 = Release|Any CPU
	EndGlobalSection
	GlobalSection(SolutionProperties) = preSolution
		HideSolutionNode = FALSE
	EndGlobalSection
	GlobalSection(ExtensibilityGlobals) = postSolution
		SolutionGuid = {8C45070B-4A3B-45BE-AA5F-D63AE847FD82}
	EndGlobalSection
EndGlobal
